<?xml version="1.0" encoding="utf-8"?>
<Project ToolsVersion="4.0" xmlns="http://schemas.microsoft.com/developer/msbuild/2003">
  <ItemGroup>
    <Filter Include="源文件">
      <UniqueIdentifier>{4FC737F1-C7A5-4376-A066-2A32D752A2FF}</UniqueIdentifier>
      <Extensions>cpp;c;cc;cxx;c++;cppm;ixx;def;odl;idl;hpj;bat;asm;asmx</Extensions>
    </Filter>
    <Filter Include="头文件">
      <UniqueIdentifier>{93995380-89BD-4b04-88EB-625FBE52EBFB}</UniqueIdentifier>
      <Extensions>h;hh;hpp;hxx;h++;hm;inl;inc;ipp;xsd</Extensions>
    </Filter>
    <Filter Include="资源文件">
      <UniqueIdentifier>{67DA6AB6-F800-4c08-8B7A-83BB121AAD01}</UniqueIdentifier>
      <Extensions>rc;ico;cur;bmp;dlg;rc2;rct;bin;rgs;gif;jpg;jpeg;jpe;resx;tiff;tif;png;wav;mfcribbon-ms</Extensions>
    </Filter>
  </ItemGroup>
  <ItemGroup>
    <ClInclude Include="External\GLAD\include\glad\glad.h">
      <Filter>头文件</Filter>
    </ClInclude>
    <ClInclude Include="External\GLAD\include\KHR\khrplatform.h">
      <Filter>头文件</Filter>
    </ClInclude>
    <ClInclude Include="External\GLFW\include\GLFW\glfw3.h">
      <Filter>头文件</Filter>
    </ClInclude>
    <ClInclude Include="External\GLFW\include\GLFW\glfw3native.h">
      <Filter>头文件</Filter>
    </ClInclude>
    <ClInclude Include="shader.h">
      <Filter>头文件</Filter>
    </ClInclude>
    <ClInclude Include="simpleMesh.h">
      <Filter>头文件</Filter>
    </ClInclude>
    <ClInclude Include="External\ImGUI\imconfig.h">
      <Filter>头文件</Filter>
    </ClInclude>
    <ClInclude Include="External\ImGUI\imgui.h">
      <Filter>头文件</Filter>
    </ClInclude>
    <ClInclude Include="External\ImGUI\imgui_impl_glfw.h">
      <Filter>头文件</Filter>
    </ClInclude>
    <ClInclude Include="External\ImGUI\imgui_impl_opengl3.h">
      <Filter>头文件</Filter>
    </ClInclude>
    <ClInclude Include="External\ImGUI\imgui_impl_opengl3_loader.h">
      <Filter>头文件</Filter>
    </ClInclude>
    <ClInclude Include="External\ImGUI\imgui_internal.h">
      <Filter>头文件</Filter>
    </ClInclude>
    <ClInclude Include="External\ImGUI\imstb_rectpack.h">
      <Filter>头文件</Filter>
    </ClInclude>
    <ClInclude Include="External\ImGUI\imstb_textedit.h">
      <Filter>头文件</Filter>
    </ClInclude>
    <ClInclude Include="External\ImGUI\imstb_truetype.h">
      <Filter>头文件</Filter>
    </ClInclude>
  </ItemGroup>
  <ItemGroup>
    <ClCompile Include="External\GLAD\src\glad.c">
      <Filter>源文件</Filter>
    </ClCompile>
    <ClCompile Include="main.cpp">
      <Filter>源文件</Filter>
    </ClCompile>
    <ClCompile Include="shader.cpp">
      <Filter>源文件</Filter>
    </ClCompile>
    <ClCompile Include="simpleMesh.cpp">
      <Filter>源文件</Filter>
    </ClCompile>
    <ClCompile Include="External\ImGUI\imgui.cpp">
      <Filter>源文件</Filter>
    </ClCompile>
    <ClCompile Include="External\ImGUI\imgui_demo.cpp">
      <Filter>源文件</Filter>
    </ClCompile>
    <ClCompile Include="External\ImGUI\imgui_draw.cpp">
      <Filter>源文件</Filter>
    </ClCompile>
    <ClCompile Include="External\ImGUI\imgui_impl_glfw.cpp">
      <Filter>源文件</Filter>
    </ClCompile>
    <ClCompile Include="External\ImGUI\imgui_impl_opengl3.cpp">
      <Filter>源文件</Filter>
    </ClCompile>
    <ClCompile Include="External\ImGUI\imgui_tables.cpp">
      <Filter>源文件</Filter>
    </ClCompile>
    <ClCompile Include="External\ImGUI\imgui_widgets.cpp">
      <Filter>源文件</Filter>
    </ClCompile>
  </ItemGroup>
  <ItemGroup>
    <None Include="External\GLFW\lib\glfw3.dll" />
    <None Include="Shaders\vshader.vs" />
    <None Include="Shaders\fshader.fs" />
  </ItemGroup>
  <ItemGroup>
    <Library Include="External\GLFW\lib\glfw3.lib" />
    <Library Include="External\GLFW\lib\glfw3_mt.lib" />
    <Library Include="External\GLFW\lib\glfw3dll.lib" />
  </ItemGroup>
</Project>